
Microsoft Visual Studio Solution File, Format Version 12.00
# Visual Studio 15
VisualStudioVersion = 15.0.28307.902
MinimumVisualStudioVersion = 10.0.40219.1
Project("{FAE04EC0-301F-11D3-BF4B-00C04F79EFBC}") = "HelloWorldApp.Android", "HelloWorldApp\HelloWorldApp.Android\HelloWorldApp.Android.csproj", "{35939C45-E236-431E-9DFA-F60A06A65201}"
EndProject
Project("{FAE04EC0-301F-11D3-BF4B-00C04F79EFBC}") = "HelloWorldApp.iOS", "HelloWorldApp\HelloWorldApp.iOS\HelloWorldApp.iOS.csproj", "{50C9FED8-78F7-431B-9AC7-DB0F5CBDC5BA}"
EndProject
Project("{FAE04EC0-301F-11D3-BF4B-00C04F79EFBC}") = "HelloWorldApp", "HelloWorldApp\HelloWorldApp\HelloWorldApp.csproj", "{0042B40F-C8A6-42B1-821C-1C55BE74D832}"
EndProject
Global
	GlobalSection(SolutionConfigurationPlatforms) = preSolution
		Ad-Hoc|Any CPU = Ad-Hoc|Any CPU
		Ad-Hoc|iPhone = Ad-Hoc|iPhone
		Ad-Hoc|iPhoneSimulator = Ad-Hoc|iPhoneSimulator
		AppStore|Any CPU = AppStore|Any CPU
		AppStore|iPhone = AppStore|iPhone
		AppStore|iPhoneSimulator = AppStore|iPhoneSimulator
		Debug|Any CPU = Debug|Any CPU
		Debug|iPhone = Debug|iPhone
		Debug|iPhoneSimulator = Debug|iPhoneSimulator
		Release|Any CPU = Release|Any CPU
		Release|iPhone = Release|iPhone
		Release|iPhoneSimulator = Release|iPhoneSimulator
	EndGlobalSection
	GlobalSection(ProjectConfigurationPlatforms) = postSolution
		{35939C45-E236-431E-9DFA-F60A06A65201}.Ad-Hoc|Any CPU.ActiveCfg = Release|Any CPU
		{35939C45-E236-431E-9DFA-F60A06A65201}.Ad-Hoc|Any CPU.Build.0 = Release|Any CPU
		{35939C45-E236-431E-9DFA-F60A06A65201}.Ad-Hoc|Any CPU.Deploy.0 = Release|Any CPU
		{35939C45-E236-431E-9DFA-F60A06A65201}.Ad-Hoc|iPhone.ActiveCfg = Release|Any CPU
		{35939C45-E236-431E-9DFA-F60A06A65201}.Ad-Hoc|iPhone.Build.0 = Release|Any CPU
		{35939C45-E236-431E-9DFA-F60A06A65201}.Ad-Hoc|iPhone.Deploy.0 = Release|Any CPU
		{35939C45-E236-431E-9DFA-F60A06A65201}.Ad-Hoc|iPhoneSimulator.ActiveCfg = Release|Any CPU
		{35939C45-E236-431E-9DFA-F60A06A65201}.Ad-Hoc|iPhoneSimulator.Build.0 = Release|Any CPU
		{35939C45-E236-431E-9DFA-F60A06A65201}.Ad-Hoc|iPhoneSimulator.Deploy.0 = Release|Any CPU
		{35939C45-E236-431E-9DFA-F60A06A65201}.AppStore|Any CPU.ActiveCfg = Release|Any CPU
		{35939C45-E236-431E-9DFA-F60A06A65201}.AppStore|Any CPU.Build.0 = Release|Any CPU
		{35939C45-E236-431E-9DFA-F60A06A65201}.AppStore|Any CPU.Deploy.0 = Release|Any CPU
		{35939C45-E236-431E-9DFA-F60A06A65201}.AppStore|iPhone.ActiveCfg = Release|Any CPU
		{35939C45-E236-431E-9DFA-F60A06A65201}.AppStore|iPhone.Build.0 = Release|Any CPU
		{35939C45-E236-431E-9DFA-F60A06A65201}.AppStore|iPhone.Deploy.0 = Release|Any CPU
		{35939C45-E236-431E-9DFA-F60A06A65201}.AppStore|iPhoneSimulator.ActiveCfg = Release|Any CPU
		{35939C45-E236-431E-9DFA-F60A06A65201}.AppStore|iPhoneSimulator.Build.0 = Release|Any CPU
		{35939C45-E236-431E-9DFA-F60A06A65201}.AppStore|iPhoneSimulator.Deploy.0 = Release|Any CPU
		{35939C45-E236-431E-9DFA-F60A06A65201}.Debug|Any CPU.ActiveCfg = Debug|Any CPU
		{35939C45-E236-431E-9DFA-F60A06A65201}.Debug|Any CPU.Build.0 = Debug|Any CPU
		{35939C45-E236-431E-9DFA-F60A06A65201}.Debug|Any CPU.Deploy.0 = Debug|Any CPU
		{35939C45-E236-431E-9DFA-F60A06A65201}.Debug|iPhone.ActiveCfg = Debug|Any CPU
		{35939C45-E236-431E-9DFA-F60A06A65201}.Debug|iPhone.Build.0 = Debug|Any CPU
		{35939C45-E236-431E-9DFA-F60A06A65201}.Debug|iPhone.Deploy.0 = Debug|Any CPU
		{35939C45-E236-431E-9DFA-F60A06A65201}.Debug|iPhoneSimulator.ActiveCfg = Debug|Any CPU
		{35939C45-E236-431E-9DFA-F60A06A65201}.Debug|iPhoneSimulator.Build.0 = Debug|Any CPU
		{35939C45-E236-431E-9DFA-F60A06A65201}.Debug|iPhoneSimulator.Deploy.0 = Debug|Any CPU
		{35939C45-E236-431E-9DFA-F60A06A65201}.Release|Any CPU.ActiveCfg = Release|Any CPU
		{35939C45-E236-431E-9DFA-F60A06A65201}.Release|Any CPU.Build.0 = Release|Any CPU
		{35939C45-E236-431E-9DFA-F60A06A65201}.Release|Any CPU.Deploy.0 = Release|Any CPU
		{35939C45-E236-431E-9DFA-F60A06A65201}.Release|iPhone.ActiveCfg = Release|Any CPU
		{35939C45-E236-431E-9DFA-F60A06A65201}.Release|iPhone.Build.0 = Release|Any CPU
		{35939C45-E236-431E-9DFA-F60A06A65201}.Release|iPhone.Deploy.0 = Release|Any CPU
		{35939C45-E236-431E-9DFA-F60A06A65201}.Release|iPhoneSimulator.ActiveCfg = Release|Any CPU
		{35939C45-E236-431E-9DFA-F60A06A65201}.Release|iPhoneSimulator.Build.0 = Release|Any CPU
		{35939C45-E236-431E-9DFA-F60A06A65201}.Release|iPhoneSimulator.Deploy.0 = Release|Any CPU
		{50C9FED8-78F7-431B-9AC7-DB0F5CBDC5BA}.Ad-Hoc|Any CPU.ActiveCfg = Ad-Hoc|iPhone
		{50C9FED8-78F7-431B-9AC7-DB0F5CBDC5BA}.Ad-Hoc|Any CPU.Build.0 = Ad-Hoc|iPhone
		{50C9FED8-78F7-431B-9AC7-DB0F5CBDC5BA}.Ad-Hoc|Any CPU.Deploy.0 = Ad-Hoc|iPhone
		{50C9FED8-78F7-431B-9AC7-DB0F5CBDC5BA}.Ad-Hoc|iPhone.ActiveCfg = Ad-Hoc|iPhone
		{50C9FED8-78F7-431B-9AC7-DB0F5CBDC5BA}.Ad-Hoc|iPhone.Build.0 = Ad-Hoc|iPhone
		{50C9FED8-78F7-431B-9AC7-DB0F5CBDC5BA}.Ad-Hoc|iPhone.Deploy.0 = Ad-Hoc|iPhone
		{50C9FED8-78F7-431B-9AC7-DB0F5CBDC5BA}.Ad-Hoc|iPhoneSimulator.ActiveCfg = Ad-Hoc|iPhoneSimulator
		{50C9FED8-78F7-431B-9AC7-DB0F5CBDC5BA}.Ad-Hoc|iPhoneSimulator.Build.0 = Ad-Hoc|iPhoneSimulator
		{50C9FED8-78F7-431B-9AC7-DB0F5CBDC5BA}.Ad-Hoc|iPhoneSimulator.Deploy.0 = Ad-Hoc|iPhoneSimulator
		{50C9FED8-78F7-431B-9AC7-DB0F5CBDC5BA}.AppStore|Any CPU.ActiveCfg = AppStore|iPhone
		{50C9FED8-78F7-431B-9AC7-DB0F5CBDC5BA}.AppStore|Any CPU.Build.0 = AppStore|iPhone
		{50C9FED8-78F7-431B-9AC7-DB0F5CBDC5BA}.AppStore|Any CPU.Deploy.0 = AppStore|iPhone
		{50C9FED8-78F7-431B-9AC7-DB0F5CBDC5BA}.AppStore|iPhone.ActiveCfg = AppStore|iPhone
		{50C9FED8-78F7-431B-9AC7-DB0F5CBDC5BA}.AppStore|iPhone.Build.0 = AppStore|iPhone
		{50C9FED8-78F7-431B-9AC7-DB0F5CBDC5BA}.AppStore|iPhone.Deploy.0 = AppStore|iPhone
		{50C9FED8-78F7-431B-9AC7-DB0F5CBDC5BA}.AppStore|iPhoneSimulator.ActiveCfg = AppStore|iPhoneSimulator
		{50C9FED8-78F7-431B-9AC7-DB0F5CBDC5BA}.AppStore|iPhoneSimulator.Build.0 = AppStore|iPhoneSimulator
		{50C9FED8-78F7-431B-9AC7-DB0F5CBDC5BA}.AppStore|iPhoneSimulator.Deploy.0 = AppStore|iPhoneSimulator
		{50C9FED8-78F7-431B-9AC7-DB0F5CBDC5BA}.Debug|Any CPU.ActiveCfg = Debug|iPhoneSimulator
		{50C9FED8-78F7-431B-9AC7-DB0F5CBDC5BA}.Debug|Any CPU.Build.0 = Debug|iPhoneSimulator
		{50C9FED8-78F7-431B-9AC7-DB0F5CBDC5BA}.Debug|Any CPU.Deploy.0 = Debug|iPhoneSimulator
		{50C9FED8-78F7-431B-9AC7-DB0F5CBDC5BA}.Debug|iPhone.ActiveCfg = Debug|iPhone
		{50C9FED8-78F7-431B-9AC7-DB0F5CBDC5BA}.Debug|iPhone.Build.0 = Debug|iPhone
		{50C9FED8-78F7-431B-9AC7-DB0F5CBDC5BA}.Debug|iPhone.Deploy.0 = Debug|iPhone
		{50C9FED8-78F7-431B-9AC7-DB0F5CBDC5BA}.Debug|iPhoneSimulator.ActiveCfg = Debug|iPhoneSimulator
		{50C9FED8-78F7-431B-9AC7-DB0F5CBDC5BA}.Debug|iPhoneSimulator.Build.0 = Debug|iPhoneSimulator
		{50C9FED8-78F7-431B-9AC7-DB0F5CBDC5BA}.Debug|iPhoneSimulator.Deploy.0 = Debug|iPhoneSimulator
		{50C9FED8-78F7-431B-9AC7-DB0F5CBDC5BA}.Release|Any CPU.ActiveCfg = Release|iPhone
		{50C9FED8-78F7-431B-9AC7-DB0F5CBDC5BA}.Release|Any CPU.Build.0 = Release|iPhone
		{50C9FED8-78F7-431B-9AC7-DB0F5CBDC5BA}.Release|Any CPU.Deploy.0 = Release|iPhone
		{50C9FED8-78F7-431B-9AC7-DB0F5CBDC5BA}.Release|iPhone.ActiveCfg = Release|iPhone
		{50C9FED8-78F7-431B-9AC7-DB0F5CBDC5BA}.Release|iPhone.Build.0 = Release|iPhone
		{50C9FED8-78F7-431B-9AC7-DB0F5CBDC5BA}.Release|iPhone.Deploy.0 = Release|iPhone
		{50C9FED8-78F7-431B-9AC7-DB0F5CBDC5BA}.Release|iPhoneSimulator.ActiveCfg = Release|iPhoneSimulator
		{50C9FED8-78F7-431B-9AC7-DB0F5CBDC5BA}.Release|iPhoneSimulator.Build.0 = Release|iPhoneSimulator
		{50C9FED8-78F7-431B-9AC7-DB0F5CBDC5BA}.Release|iPhoneSimulator.Deploy.0 = Release|iPhoneSimulator
		{0042B40F-C8A6-42B1-821C-1C55BE74D832}.Ad-Hoc|Any CPU.ActiveCfg = Debug|Any CPU
		{0042B40F-C8A6-42B1-821C-1C55BE74D832}.Ad-Hoc|Any CPU.Build.0 = Debug|Any CPU
		{0042B40F-C8A6-42B1-821C-1C55BE74D832}.Ad-Hoc|Any CPU.Deploy.0 = Debug|Any CPU
		{0042B40F-C8A6-42B1-821C-1C55BE74D832}.Ad-Hoc|iPhone.ActiveCfg = Debug|Any CPU
		{0042B40F-C8A6-42B1-821C-1C55BE74D832}.Ad-Hoc|iPhone.Build.0 = Debug|Any CPU
		{0042B40F-C8A6-42B1-821C-1C55BE74D832}.Ad-Hoc|iPhone.Deploy.0 = Debug|Any CPU
		{0042B40F-C8A6-42B1-821C-1C55BE74D832}.Ad-Hoc|iPhoneSimulator.ActiveCfg = Debug|Any CPU
		{0042B40F-C8A6-42B1-821C-1C55BE74D832}.Ad-Hoc|iPhoneSimulator.Build.0 = Debug|Any CPU
		{0042B40F-C8A6-42B1-821C-1C55BE74D832}.Ad-Hoc|iPhoneSimulator.Deploy.0 = Debug|Any CPU
		{0042B40F-C8A6-42B1-821C-1C55BE74D832}.AppStore|Any CPU.ActiveCfg = Debug|Any CPU
		{0042B40F-C8A6-42B1-821C-1C55BE74D832}.AppStore|Any CPU.Build.0 = Debug|Any CPU
		{0042B40F-C8A6-42B1-821C-1C55BE74D832}.AppStore|Any CPU.Deploy.0 = Debug|Any CPU
		{0042B40F-C8A6-42B1-821C-1C55BE74D832}.AppStore|iPhone.ActiveCfg = Debug|Any CPU
		{0042B40F-C8A6-42B1-821C-1C55BE74D832}.AppStore|iPhone.Build.0 = Debug|Any CPU
		{0042B40F-C8A6-42B1-821C-1C55BE74D832}.AppStore|iPhone.Deploy.0 = Debug|Any CPU
		{0042B40F-C8A6-42B1-821C-1C55BE74D832}.AppStore|iPhoneSimulator.ActiveCfg = Debug|Any CPU
		{0042B40F-C8A6-42B1-821C-1C55BE74D832}.AppStore|iPhoneSimulator.Build.0 = Debug|Any CPU
		{0042B40F-C8A6-42B1-821C-1C55BE74D832}.AppStore|iPhoneSimulator.Deploy.0 = Debug|Any CPU
		{0042B40F-C8A6-42B1-821C-1C55BE74D832}.Debug|Any CPU.ActiveCfg = Debug|Any CPU
		{0042B40F-C8A6-42B1-821C-1C55BE74D832}.Debug|Any CPU.Build.0 = Debug|Any CPU
		{0042B40F-C8A6-42B1-821C-1C55BE74D832}.Debug|Any CPU.Deploy.0 = Debug|Any CPU
		{0042B40F-C8A6-42B1-821C-1C55BE74D832}.Debug|iPhone.ActiveCfg = Debug|Any CPU
		{0042B40F-C8A6-42B1-821C-1C55BE74D832}.Debug|iPhone.Build.0 = Debug|Any CPU
		{0042B40F-C8A6-42B1-821C-1C55BE74D832}.Debug|iPhone.Deploy.0 = Debug|Any CPU
		{0042B40F-C8A6-42B1-821C-1C55BE74D832}.Debug|iPhoneSimulator.ActiveCfg = Debug|Any CPU
		{0042B40F-C8A6-42B1-821C-1C55BE74D832}.Debug|iPhoneSimulator.Build.0 = Debug|Any CPU
		{0042B40F-C8A6-42B1-821C-1C55BE74D832}.Debug|iPhoneSimulator.Deploy.0 = Debug|Any CPU
		{0042B40F-C8A6-42B1-821C-1C55BE74D832}.Release|Any CPU.ActiveCfg = Release|Any CPU
		{0042B40F-C8A6-42B1-821C-1C55BE74D832}.Release|Any CPU.Build.0 = Release|Any CPU
		{0042B40F-C8A6-42B1-821C-1C55BE74D832}.Release|Any CPU.Deploy.0 = Release|Any CPU
		{0042B40F-C8A6-42B1-821C-1C55BE74D832}.Release|iPhone.ActiveCfg = Release|Any CPU
		{0042B40F-C8A6-42B1-821C-1C55BE74D832}.Release|iPhone.Build.0 = Release|Any CPU
		{0042B40F-C8A6-42B1-821C-1C55BE74D832}.Release|iPhone.Deploy.0 = Release|Any CPU
		{0042B40F-C8A6-42B1-821C-1C55BE74D832}.Release|iPhoneSimulator.ActiveCfg = Release|Any CPU
		{0042B40F-C8A6-42B1-821C-1C55BE74D832}.Release|iPhoneSimulator.Build.0 = Release|Any CPU
		{0042B40F-C8A6-42B1-821C-1C55BE74D832}.Release|iPhoneSimulator.Deploy.0 = Release|Any CPU
	EndGlobalSection
	GlobalSection(SolutionProperties) = preSolution
		HideSolutionNode = FALSE
	EndGlobalSection
	GlobalSection(ExtensibilityGlobals) = postSolution
		SolutionGuid = {0B699EEF-0168-4266-A3E2-259243F8B8AE}
	EndGlobalSection
EndGlobal
